
Microsoft Visual Studio Solution File, Format Version 10.00
# Visual Studio 2008
Project("{E17AB4A1-DF35-4579-9E91-0CFFBFB6391A}") = "TestTest", "TestTest.ucproj", "{38962B5A-0071-4AA2-8879-7175DA201149}"
EndProject
Global
	GlobalSection(SolutionConfigurationPlatforms) = preSolution
		Debug|Win32 = Debug|Win32
		Release|Win32 = Release|Win32
	EndGlobalSection
	GlobalSection(ProjectConfigurationPlatforms) = postSolution
		{38962B5A-0071-4AA2-8879-7175DA201149}.Debug|Win32.ActiveCfg = Debug|Win32
		{38962B5A-0071-4AA2-8879-7175DA201149}.Debug|Win32.Build.0 = Debug|Win32
		{38962B5A-0071-4AA2-8879-7175DA201149}.Release|Win32.ActiveCfg = Release|Win32
		{38962B5A-0071-4AA2-8879-7175DA201149}.Release|Win32.Build.0 = Release|Win32
	EndGlobalSection
	GlobalSection(SolutionProperties) = preSolution
		HideSolutionNode = FALSE
	EndGlobalSection
EndGlobal
